
Microsoft Visual Studio Solution File, Format Version 12.00
# Visual Studio 2013
VisualStudioVersion = 12.0.30501.0
MinimumVisualStudioVersion = 10.0.40219.1
Project("{FAE04EC0-301F-11D3-BF4B-00C04F79EFBC}") = "SoftwareTest", "SoftwareTest\SoftwareTest.csproj", "{77EE1E18-17F3-4E5F-954A-9A68BF1D8482}"
EndProject
Project("{FAE04EC0-301F-11D3-BF4B-00C04F79EFBC}") = "SoftwareTest.Tests", "SoftwareTest.Tests\SoftwareTest.Tests.csproj", "{C726F7BE-13B5-457F-B3F4-BA6491CDE002}"
EndProject
Global
	GlobalSection(SolutionConfigurationPlatforms) = preSolution
		Debug|Any CPU = Debug|Any CPU
		Release|Any CPU = Release|Any CPU
	EndGlobalSection
	GlobalSection(ProjectConfigurationPlatforms) = postSolution
		{77EE1E18-17F3-4E5F-954A-9A68BF1D8482}.Debug|Any CPU.ActiveCfg = Debug|Any CPU
		{77EE1E18-17F3-4E5F-954A-9A68BF1D8482}.Debug|Any CPU.Build.0 = Debug|Any CPU
		{77EE1E18-17F3-4E5F-954A-9A68BF1D8482}.Release|Any CPU.ActiveCfg = Release|Any CPU
		{77EE1E18-17F3-4E5F-954A-9A68BF1D8482}.Release|Any CPU.Build.0 = Release|Any CPU
		{C726F7BE-13B5-457F-B3F4-BA6491CDE002}.Debug|Any CPU.ActiveCfg = Debug|Any CPU
		{C726F7BE-13B5-457F-B3F4-BA6491CDE002}.Debug|Any CPU.Build.0 = Debug|Any CPU
		{C726F7BE-13B5-457F-B3F4-BA6491CDE002}.Release|Any CPU.ActiveCfg = Release|Any CPU
		{C726F7BE-13B5-457F-B3F4-BA6491CDE002}.Release|Any CPU.Build.0 = Release|Any CPU
	EndGlobalSection
	GlobalSection(SolutionProperties) = preSolution
		HideSolutionNode = FALSE
	EndGlobalSection
EndGlobal
